{
  "version": "5",
  "specifiers": {
    "npm:@apidevtools/json-schema-ref-parser@^15.4.0": "15.4.0_@types+json-schema@7.0.15"
  },
  "npm": {
    "@apidevtools/json-schema-ref-parser@15.4.0_@types+json-schema@7.0.15": {
      "integrity": "sha512-QbMJJlMZd27fZmi7Q+twCqwABlfaO4Qdc1YvbbwkqN2lILfELnfWfw9xFFl6CeF5jAeGQpokUVhvCkhz+rvEGg==",
      "dependencies": [
        "@types/json-schema",
        "js-yaml"
      ]
    },
    "@types/json-schema@7.0.15": {
      "integrity": "sha512-5+fP8P8MFNC+AyZCDxrB2pkZFPGzqQWUzpSeuuVLvm8VMcorNYavBqoFcxK8bQz4Qsbn4oUEEem4wDLfcysGHA=="
    },
    "argparse@2.0.1": {
      "integrity": "sha512-8+9WqebbFzpX9OR+Wa6O29asIogeRMzcGtAINdpMHHyAg10f05aSFVBbcEqGf/PXw1EjAZ+q2/bEBg3DvurK3Q=="
    },
    "js-yaml@4.2.0": {
      "integrity": "sha512-ePWsvanv0DWuDRsW8dnt+R4jQ31SCRCQ7hhNcPXZPsoBZiemuZNYGf7adZdqX2D86j6rvKp3RpCxVTSb8WQlOw==",
      "dependencies": [
        "argparse"
      ],
      "bin": true
    }
  },
  "workspace": {
    "dependencies": [
      "npm:@apidevtools/json-schema-ref-parser@^15.4.0"
    ]
  }
}
